
Microsoft Visual Studio Solution File, Format Version 12.00
# Visual Studio 2012
Project("{FAE04EC0-301F-11D3-BF4B-00C04F79EFBC}") = "Pier8.BddExample", "Pier8.BddExample\Pier8.BddExample.csproj", "{7581115B-9929-417D-9368-41D29698AFEE}"
EndProject
Global
	GlobalSection(SolutionConfigurationPlatforms) = preSolution
		Debug|Any CPU = Debug|Any CPU
		Release|Any CPU = Release|Any CPU
	EndGlobalSection
	GlobalSection(ProjectConfigurationPlatforms) = postSolution
		{7581115B-9929-417D-9368-41D29698AFEE}.Debug|Any CPU.ActiveCfg = Debug|Any CPU
		{7581115B-9929-417D-9368-41D29698AFEE}.Debug|Any CPU.Build.0 = Debug|Any CPU
		{7581115B-9929-417D-9368-41D29698AFEE}.Release|Any CPU.ActiveCfg = Release|Any CPU
		{7581115B-9929-417D-9368-41D29698AFEE}.Release|Any CPU.Build.0 = Release|Any CPU
	EndGlobalSection
	GlobalSection(SolutionProperties) = preSolution
		HideSolutionNode = FALSE
	EndGlobalSection
EndGlobal
